
Microsoft Visual Studio Solution File, Format Version 12.00
# Visual Studio Version 17
VisualStudioVersion = 17.0.32014.148
MinimumVisualStudioVersion = 10.0.40219.1
Project("{9A19103F-16F7-4668-BE54-9A1E7A4F7556}") = "KTPO4311.Gorohov.UnitTest", "KTPO4311.Gorohov.UnitTest\KTPO4311.Gorohov.UnitTest.csproj", "{B1415523-E280-4C6D-80AD-BBB165F4F4C7}"
EndProject
Project("{9A19103F-16F7-4668-BE54-9A1E7A4F7556}") = "KTPO4311.Gorohov.Lib", "KTPO4311.Gorohov.Lib\KTPO4311.Gorohov.Lib.csproj", "{EC9D5D08-94BB-420A-964B-C0D7B178FF05}"
EndProject
Project("{FAE04EC0-301F-11D3-BF4B-00C04F79EFBC}") = "KTPO4311.Gorohov.Service", "KTPO4311.Gorohov.Service\KTPO4311.Gorohov.Service.csproj", "{46EA0003-E705-4696-BCE2-74A6E7D8CA82}"
EndProject
Global
	GlobalSection(SolutionConfigurationPlatforms) = preSolution
		Debug|Any CPU = Debug|Any CPU
		Release|Any CPU = Release|Any CPU
	EndGlobalSection
	GlobalSection(ProjectConfigurationPlatforms) = postSolution
		{B1415523-E280-4C6D-80AD-BBB165F4F4C7}.Debug|Any CPU.ActiveCfg = Debug|Any CPU
		{B1415523-E280-4C6D-80AD-BBB165F4F4C7}.Debug|Any CPU.Build.0 = Debug|Any CPU
		{B1415523-E280-4C6D-80AD-BBB165F4F4C7}.Release|Any CPU.ActiveCfg = Release|Any CPU
		{B1415523-E280-4C6D-80AD-BBB165F4F4C7}.Release|Any CPU.Build.0 = Release|Any CPU
		{EC9D5D08-94BB-420A-964B-C0D7B178FF05}.Debug|Any CPU.ActiveCfg = Debug|Any CPU
		{EC9D5D08-94BB-420A-964B-C0D7B178FF05}.Debug|Any CPU.Build.0 = Debug|Any CPU
		{EC9D5D08-94BB-420A-964B-C0D7B178FF05}.Release|Any CPU.ActiveCfg = Release|Any CPU
		{EC9D5D08-94BB-420A-964B-C0D7B178FF05}.Release|Any CPU.Build.0 = Release|Any CPU
		{46EA0003-E705-4696-BCE2-74A6E7D8CA82}.Debug|Any CPU.ActiveCfg = Debug|Any CPU
		{46EA0003-E705-4696-BCE2-74A6E7D8CA82}.Debug|Any CPU.Build.0 = Debug|Any CPU
		{46EA0003-E705-4696-BCE2-74A6E7D8CA82}.Release|Any CPU.ActiveCfg = Release|Any CPU
		{46EA0003-E705-4696-BCE2-74A6E7D8CA82}.Release|Any CPU.Build.0 = Release|Any CPU
	EndGlobalSection
	GlobalSection(SolutionProperties) = preSolution
		HideSolutionNode = FALSE
	EndGlobalSection
	GlobalSection(ExtensibilityGlobals) = postSolution
		SolutionGuid = {FC18FAF2-0A9D-4B1B-A42D-1CBD7F39F2BB}
	EndGlobalSection
EndGlobal
